// !$*UTF8*$!
{
	archiveVersion = 1;
	classes = {
	};
	objectVersion = 46;
	objects = {

/* Begin PBXBuildFile section */
		AF8DC1DB19BA5E5500D6A1A2 /* AppDelegate.swift in Sources */ = {isa = PBXBuildFile; fileRef = AF8DC1DA19BA5E5500D6A1A2 /* AppDelegate.swift */; };
		AF8DC1DD19BA5E5500D6A1A2 /* ViewController.swift in Sources */ = {isa = PBXBuildFile; fileRef = AF8DC1DC19BA5E5500D6A1A2 /* ViewController.swift */; };
		AF8DC1E019BA5E5500D6A1A2 /* Main.storyboard in Resources */ = {isa = PBXBuildFile; fileRef = AF8DC1DE19BA5E5500D6A1A2 /* Main.storyboard */; };
		AF8DC1E219BA5E5500D6A1A2 /* Images.xcassets in Resources */ = {isa = PBXBuildFile; fileRef = AF8DC1E119BA5E5500D6A1A2 /* Images.xcassets */; };
		AF8DC1EE19BA5E5600D6A1A2 /* TransitionsTests.swift in Sources */ = {isa = PBXBuildFile; fileRef = AF8DC1ED19BA5E5600D6A1A2 /* TransitionsTests.swift */; };
		AF8DC1F819BA5F8C00D6A1A2 /* TransitionMananger.swift in Sources */ = {isa = PBXBuildFile; fileRef = AF8DC1F719BA5F8C00D6A1A2 /* TransitionMananger.swift */; };
/* End PBXBuildFile section */

/* Begin PBXContainerItemProxy section */
		AF8DC1E819BA5E5600D6A1A2 /* PBXContainerItemProxy */ = {
			isa = PBXContainerItemProxy;
			containerPortal = AF8DC1CD19BA5E5500D6A1A2 /* Project object */;
			proxyType = 1;
			remoteGlobalIDString = AF8DC1D419BA5E5500D6A1A2;
			remoteInfo = Transitions;
		};
/* End PBXContainerItemProxy section */

/* Begin PBXFileReference section */
		AF8DC1D519BA5E5500D6A1A2 /* Transitions.app */ = {isa = PBXFileReference; explicitFileType = wrapper.application; includeInIndex = 0; path = Transitions.app; sourceTree = BUILT_PRODUCTS_DIR; };
		AF8DC1D919BA5E5500D6A1A2 /* Info.plist */ = {isa = PBXFileReference; lastKnownFileType = text.plist.xml; path = Info.plist; sourceTree = "<group>"; };
		AF8DC1DA19BA5E5500D6A1A2 /* AppDelegate.swift */ = {isa = PBXFileReference; lastKnownFileType = sourcecode.swift; path = AppDelegate.swift; sourceTree = "<group>"; };
		AF8DC1DC19BA5E5500D6A1A2 /* ViewController.swift */ = {isa = PBXFileReference; lastKnownFileType = sourcecode.swift; path = ViewController.swift; sourceTree = "<group>"; };
		AF8DC1DF19BA5E5500D6A1A2 /* Base */ = {isa = PBXFileReference; lastKnownFileType = file.storyboard; name = Base; path = Base.lproj/Main.storyboard; sourceTree = "<group>"; };
		AF8DC1E119BA5E5500D6A1A2 /* Images.xcassets */ = {isa = PBXFileReference; lastKnownFileType = folder.assetcatalog; path = Images.xcassets; sourceTree = "<group>"; };
		AF8DC1E719BA5E5600D6A1A2 /* TransitionsTests.xctest */ = {isa = PBXFileReference; explicitFileType = wrapper.cfbundle; includeInIndex = 0; path = TransitionsTests.xctest; sourceTree = BUILT_PRODUCTS_DIR; };
		AF8DC1EC19BA5E5600D6A1A2 /* Info.plist */ = {isa = PBXFileReference; lastKnownFileType = text.plist.xml; path = Info.plist; sourceTree = "<group>"; };
		AF8DC1ED19BA5E5600D6A1A2 /* TransitionsTests.swift */ = {isa = PBXFileReference; lastKnownFileType = sourcecode.swift; path = TransitionsTests.swift; sourceTree = "<group>"; };
		AF8DC1F719BA5F8C00D6A1A2 /* TransitionMananger.swift */ = {isa = PBXFileReference; fileEncoding = 4; lastKnownFileType = sourcecode.swift; path = TransitionMananger.swift; sourceTree = "<group>"; };
/* End PBXFileReference section */

/* Begin PBXFrameworksBuildPhase section */
		AF8DC1D219BA5E5500D6A1A2 /* Frameworks */ = {
			isa = PBXFrameworksBuildPhase;
			buildActionMask = 2147483647;
			files = (
			);
			runOnlyForDeploymentPostprocessing = 0;
		};
		AF8DC1E419BA5E5600D6A1A2 /* Frameworks */ = {
			isa = PBXFrameworksBuildPhase;
			buildActionMask = 2147483647;
			files = (
			);
			runOnlyForDeploymentPostprocessing = 0;
		};
/* End PBXFrameworksBuildPhase section */

/* Begin PBXGroup section */
		AF8DC1CC19BA5E5500D6A1A2 = {
			isa = PBXGroup;
			children = (
				AF8DC1D719BA5E5500D6A1A2 /* Transitions */,
				AF8DC1EA19BA5E5600D6A1A2 /* TransitionsTests */,
				AF8DC1D619BA5E5500D6A1A2 /* Products */,
			);
			sourceTree = "<group>";
		};
		AF8DC1D619BA5E5500D6A1A2 /* Products */ = {
			isa = PBXGroup;
			children = (
				AF8DC1D519BA5E5500D6A1A2 /* Transitions.app */,
				AF8DC1E719BA5E5600D6A1A2 /* TransitionsTests.xctest */,
			);
			name = Products;
			sourceTree = "<group>";
		};
		AF8DC1D719BA5E5500D6A1A2 /* Transitions */ = {
			isa = PBXGroup;
			children = (
				AF8DC1DA19BA5E5500D6A1A2 /* AppDelegate.swift */,
				AF8DC1DC19BA5E5500D6A1A2 /* ViewController.swift */,
				AF8DC1DE19BA5E5500D6A1A2 /* Main.storyboard */,
				AF8DC1F719BA5F8C00D6A1A2 /* TransitionMananger.swift */,
				AF8DC1E119BA5E5500D6A1A2 /* Images.xcassets */,
				AF8DC1D819BA5E5500D6A1A2 /* Supporting Files */,
			);
			path = Transitions;
			sourceTree = "<group>";
		};
		AF8DC1D819BA5E5500D6A1A2 /* Supporting Files */ = {
			isa = PBXGroup;
			children = (
				AF8DC1D919BA5E5500D6A1A2 /* Info.plist */,
			);
			name = "Supporting Files";
			sourceTree = "<group>";
		};
		AF8DC1EA19BA5E5600D6A1A2 /* TransitionsTests */ = {
			isa = PBXGroup;
			children = (
				AF8DC1ED19BA5E5600D6A1A2 /* TransitionsTests.swift */,
				AF8DC1EB19BA5E5600D6A1A2 /* Supporting Files */,
			);
			path = TransitionsTests;
			sourceTree = "<group>";
		};
		AF8DC1EB19BA5E5600D6A1A2 /* Supporting Files */ = {
			isa = PBXGroup;
			children = (
				AF8DC1EC19BA5E5600D6A1A2 /* Info.plist */,
			);
			name = "Supporting Files";
			sourceTree = "<group>";
		};
/* End PBXGroup section */

/* Begin PBXNativeTarget section */
		AF8DC1D419BA5E5500D6A1A2 /* Transitions */ = {
			isa = PBXNativeTarget;
			buildConfigurationList = AF8DC1F119BA5E5600D6A1A2 /* Build configuration list for PBXNativeTarget "Transitions" */;
			buildPhases = (
				AF8DC1D119BA5E5500D6A1A2 /* Sources */,
				AF8DC1D219BA5E5500D6A1A2 /* Frameworks */,
				AF8DC1D319BA5E5500D6A1A2 /* Resources */,
			);
			buildRules = (
			);
			dependencies = (
			);
			name = Transitions;
			productName = Transitions;
			productReference = AF8DC1D519BA5E5500D6A1A2 /* Transitions.app */;
			productType = "com.apple.product-type.application";
		};
		AF8DC1E619BA5E5600D6A1A2 /* TransitionsTests */ = {
			isa = PBXNativeTarget;
			buildConfigurationList = AF8DC1F419BA5E5600D6A1A2 /* Build configuration list for PBXNativeTarget "TransitionsTests" */;
			buildPhases = (
				AF8DC1E319BA5E5600D6A1A2 /* Sources */,
				AF8DC1E419BA5E5600D6A1A2 /* Frameworks */,
				AF8DC1E519BA5E5600D6A1A2 /* Resources */,
			);
			buildRules = (
			);
			dependencies = (
				AF8DC1E919BA5E5600D6A1A2 /* PBXTargetDependency */,
			);
			name = TransitionsTests;
			productName = TransitionsTests;
			productReference = AF8DC1E719BA5E5600D6A1A2 /* TransitionsTests.xctest */;
			productType = "com.apple.product-type.bundle.unit-test";
		};
/* End PBXNativeTarget section */

/* Begin PBXProject section */
		AF8DC1CD19BA5E5500D6A1A2 /* Project object */ = {
			isa = PBXProject;
			attributes = {
				LastUpgradeCheck = 0600;
				ORGANIZATIONNAME = Mat;
				TargetAttributes = {
					AF8DC1D419BA5E5500D6A1A2 = {
						CreatedOnToolsVersion = 6.0;
					};
					AF8DC1E619BA5E5600D6A1A2 = {
						CreatedOnToolsVersion = 6.0;
						TestTargetID = AF8DC1D419BA5E5500D6A1A2;
					};
				};
			};
			buildConfigurationList = AF8DC1D019BA5E5500D6A1A2 /* Build configuration list for PBXProject "Transitions" */;
			compatibilityVersion = "Xcode 3.2";
			developmentRegion = English;
			hasScannedForEncodings = 0;
			knownRegions = (
				en,
				Base,
			);
			mainGroup = AF8DC1CC19BA5E5500D6A1A2;
			productRefGroup = AF8DC1D619BA5E5500D6A1A2 /* Products */;
			projectDirPath = "";
			projectRoot = "";
			targets = (
				AF8DC1D419BA5E5500D6A1A2 /* Transitions */,
				AF8DC1E619BA5E5600D6A1A2 /* TransitionsTests */,
			);
		};
/* End PBXProject section */

/* Begin PBXResourcesBuildPhase section */
		AF8DC1D319BA5E5500D6A1A2 /* Resources */ = {
			isa = PBXResourcesBuildPhase;
			buildActionMask = 2147483647;
			files = (
				AF8DC1E019BA5E5500D6A1A2 /* Main.storyboard in Resources */,
				AF8DC1E219BA5E5500D6A1A2 /* Images.xcassets in Resources */,
			);
			runOnlyForDeploymentPostprocessing = 0;
		};
		AF8DC1E519BA5E5600D6A1A2 /* Resources */ = {
			isa = PBXResourcesBuildPhase;
			buildActionMask = 2147483647;
			files = (
			);
			runOnlyForDeploymentPostprocessing = 0;
		};
/* End PBXResourcesBuildPhase section */

/* Begin PBXSourcesBuildPhase section */
		AF8DC1D119BA5E5500D6A1A2 /* Sources */ = {
			isa = PBXSourcesBuildPhase;
			buildActionMask = 2147483647;
			files = (
				AF8DC1F819BA5F8C00D6A1A2 /* TransitionMananger.swift in Sources */,
				AF8DC1DD19BA5E5500D6A1A2 /* ViewController.swift in Sources */,
				AF8DC1DB19BA5E5500D6A1A2 /* AppDelegate.swift in Sources */,
			);
			runOnlyForDeploymentPostprocessing = 0;
		};
		AF8DC1E319BA5E5600D6A1A2 /* Sources */ = {
			isa = PBXSourcesBuildPhase;
			buildActionMask = 2147483647;
			files = (
				AF8DC1EE19BA5E5600D6A1A2 /* TransitionsTests.swift in Sources */,
			);
			runOnlyForDeploymentPostprocessing = 0;
		};
/* End PBXSourcesBuildPhase section */

/* Begin PBXTargetDependency section */
		AF8DC1E919BA5E5600D6A1A2 /* PBXTargetDependency */ = {
			isa = PBXTargetDependency;
			target = AF8DC1D419BA5E5500D6A1A2 /* Transitions */;
			targetProxy = AF8DC1E819BA5E5600D6A1A2 /* PBXContainerItemProxy */;
		};
/* End PBXTargetDependency section */

/* Begin PBXVariantGroup section */
		AF8DC1DE19BA5E5500D6A1A2 /* Main.storyboard */ = {
			isa = PBXVariantGroup;
			children = (
				AF8DC1DF19BA5E5500D6A1A2 /* Base */,
			);
			name = Main.storyboard;
			sourceTree = "<group>";
		};
/* End PBXVariantGroup section */

/* Begin XCBuildConfiguration section */
		AF8DC1EF19BA5E5600D6A1A2 /* Debug */ = {
			isa = XCBuildConfiguration;
			buildSettings = {
				ALWAYS_SEARCH_USER_PATHS = NO;
				CLANG_CXX_LANGUAGE_STANDARD = "gnu++0x";
				CLANG_CXX_LIBRARY = "libc++";
				CLANG_ENABLE_MODULES = YES;
				CLANG_ENABLE_OBJC_ARC = YES;
				CLANG_WARN_BOOL_CONVERSION = YES;
				CLANG_WARN_CONSTANT_CONVERSION = YES;
				CLANG_WARN_DIRECT_OBJC_ISA_USAGE = YES_ERROR;
				CLANG_WARN_EMPTY_BODY = YES;
				CLANG_WARN_ENUM_CONVERSION = YES;
				CLANG_WARN_INT_CONVERSION = YES;
				CLANG_WARN_OBJC_ROOT_CLASS = YES_ERROR;
				CLANG_WARN_UNREACHABLE_CODE = YES;
				CLANG_WARN__DUPLICATE_METHOD_MATCH = YES;
				"CODE_SIGN_IDENTITY[sdk=iphoneos*]" = "iPhone Developer";
				COPY_PHASE_STRIP = NO;
				ENABLE_STRICT_OBJC_MSGSEND = YES;
				GCC_C_LANGUAGE_STANDARD = gnu99;
				GCC_DYNAMIC_NO_PIC = NO;
				GCC_OPTIMIZATION_LEVEL = 0;
				GCC_PREPROCESSOR_DEFINITIONS = (
					"DEBUG=1",
					"$(inherited)",
				);
				GCC_SYMBOLS_PRIVATE_EXTERN = NO;
				GCC_WARN_64_TO_32_BIT_CONVERSION = YES;
				GCC_WARN_ABOUT_RETURN_TYPE = YES_ERROR;
				GCC_WARN_UNDECLARED_SELECTOR = YES;
				GCC_WARN_UNINITIALIZED_AUTOS = YES_AGGRESSIVE;
				GCC_WARN_UNUSED_FUNCTION = YES;
				GCC_WARN_UNUSED_VARIABLE = YES;
				IPHONEOS_DEPLOYMENT_TARGET = 8.0;
				MTL_ENABLE_DEBUG_INFO = YES;
				ONLY_ACTIVE_ARCH = YES;
				SDKROOT = iphoneos;
				SWIFT_OPTIMIZATION_LEVEL = "-Onone";
			};
			name = Debug;
		};
		AF8DC1F019BA5E5600D6A1A2 /* Release */ = {
			isa = XCBuildConfiguration;
			buildSettings = {
				ALWAYS_SEARCH_USER_PATHS = NO;
				CLANG_CXX_LANGUAGE_STANDARD = "gnu++0x";
				CLANG_CXX_LIBRARY = "libc++";
				CLANG_ENABLE_MODULES = YES;
				CLANG_ENABLE_OBJC_ARC = YES;
				CLANG_WARN_BOOL_CONVERSION = YES;
				CLANG_WARN_CONSTANT_CONVERSION = YES;
				CLANG_WARN_DIRECT_OBJC_ISA_USAGE = YES_ERROR;
				CLANG_WARN_EMPTY_BODY = YES;
				CLANG_WARN_ENUM_CONVERSION = YES;
				CLANG_WARN_INT_CONVERSION = YES;
				CLANG_WARN_OBJC_ROOT_CLASS = YES_ERROR;
				CLANG_WARN_UNREACHABLE_CODE = YES;
				CLANG_WARN__DUPLICATE_METHOD_MATCH = YES;
				"CODE_SIGN_IDENTITY[sdk=iphoneos*]" = "iPhone Developer";
				COPY_PHASE_STRIP = YES;
				ENABLE_NS_ASSERTIONS = NO;
				ENABLE_STRICT_OBJC_MSGSEND = YES;
				GCC_C_LANGUAGE_STANDARD = gnu99;
				GCC_WARN_64_TO_32_BIT_CONVERSION = YES;
				GCC_WARN_ABOUT_RETURN_TYPE = YES_ERROR;
				GCC_WARN_UNDECLARED_SELECTOR = YES;
				GCC_WARN_UNINITIALIZED_AUTOS = YES_AGGRESSIVE;
				GCC_WARN_UNUSED_FUNCTION = YES;
				GCC_WARN_UNUSED_VARIABLE = YES;
				IPHONEOS_DEPLOYMENT_TARGET = 8.0;
				MTL_ENABLE_DEBUG_INFO = NO;
				SDKROOT = iphoneos;
				VALIDATE_PRODUCT = YES;
			};
			name = Release;
		};
		AF8DC1F219BA5E5600D6A1A2 /* Debug */ = {
			isa = XCBuildConfiguration;
			buildSettings = {
				ASSETCATALOG_COMPILER_APPICON_NAME = AppIcon;
				ASSETCATALOG_COMPILER_LAUNCHIMAGE_NAME = LaunchImage;
				INFOPLIST_FILE = Transitions/Info.plist;
				LD_RUNPATH_SEARCH_PATHS = "$(inherited) @executable_path/Frameworks";
				PRODUCT_NAME = "$(TARGET_NAME)";
			};
			name = Debug;
		};
		AF8DC1F319BA5E5600D6A1A2 /* Release */ = {
			isa = XCBuildConfiguration;
			buildSettings = {
				ASSETCATALOG_COMPILER_APPICON_NAME = AppIcon;
				ASSETCATALOG_COMPILER_LAUNCHIMAGE_NAME = LaunchImage;
				INFOPLIST_FILE = Transitions/Info.plist;
				LD_RUNPATH_SEARCH_PATHS = "$(inherited) @executable_path/Frameworks";
				PRODUCT_NAME = "$(TARGET_NAME)";
			};
			name = Release;
		};
		AF8DC1F519BA5E5600D6A1A2 /* Debug */ = {
			isa = XCBuildConfiguration;
			buildSettings = {
				BUNDLE_LOADER = "$(BUILT_PRODUCTS_DIR)/Transitions.app/Transitions";
				FRAMEWORK_SEARCH_PATHS = (
					"$(SDKROOT)/Developer/Library/Frameworks",
					"$(inherited)",
				);
				GCC_PREPROCESSOR_DEFINITIONS = (
					"DEBUG=1",
					"$(inherited)",
				);
				INFOPLIST_FILE = TransitionsTests/Info.plist;
				LD_RUNPATH_SEARCH_PATHS = "$(inherited) @executable_path/Frameworks @loader_path/Frameworks";
				PRODUCT_NAME = "$(TARGET_NAME)";
				TEST_HOST = "$(BUNDLE_LOADER)";
			};
			name = Debug;
		};
		AF8DC1F619BA5E5600D6A1A2 /* Release */ = {
			isa = XCBuildConfiguration;
			buildSettings = {
				BUNDLE_LOADER = "$(BUILT_PRODUCTS_DIR)/Transitions.app/Transitions";
				FRAMEWORK_SEARCH_PATHS = (
					"$(SDKROOT)/Developer/Library/Frameworks",
					"$(inherited)",
				);
				INFOPLIST_FILE = TransitionsTests/Info.plist;
				LD_RUNPATH_SEARCH_PATHS = "$(inherited) @executable_path/Frameworks @loader_path/Frameworks";
				PRODUCT_NAME = "$(TARGET_NAME)";
				TEST_HOST = "$(BUNDLE_LOADER)";
			};
			name = Release;
		};
/* End XCBuildConfiguration section */

/* Begin XCConfigurationList section */
		AF8DC1D019BA5E5500D6A1A2 /* Build configuration list for PBXProject "Transitions" */ = {
			isa = XCConfigurationList;
			buildConfigurations = (
				AF8DC1EF19BA5E5600D6A1A2 /* Debug */,
				AF8DC1F019BA5E5600D6A1A2 /* Release */,
			);
			defaultConfigurationIsVisible = 0;
			defaultConfigurationName = Release;
		};
		AF8DC1F119BA5E5600D6A1A2 /* Build configuration list for PBXNativeTarget "Transitions" */ = {
			isa = XCConfigurationList;
			buildConfigurations = (
				AF8DC1F219BA5E5600D6A1A2 /* Debug */,
				AF8DC1F319BA5E5600D6A1A2 /* Release */,
			);
			defaultConfigurationIsVisible = 0;
		};
		AF8DC1F419BA5E5600D6A1A2 /* Build configuration list for PBXNativeTarget "TransitionsTests" */ = {
			isa = XCConfigurationList;
			buildConfigurations = (
				AF8DC1F519BA5E5600D6A1A2 /* Debug */,
				AF8DC1F619BA5E5600D6A1A2 /* Release */,
			);
			defaultConfigurationIsVisible = 0;
		};
/* End XCConfigurationList section */
	};
	rootObject = AF8DC1CD19BA5E5500D6A1A2 /* Project object */;
}
